// !$*UTF8*$!
{
	archiveVersion = 1;
	classes = {
	};
	objectVersion = 50;
	objects = {

/* Begin PBXBuildFile section */
		1696C78F237B9D370094055F /* AppDelegate.m in Sources */ = {isa = PBXBuildFile; fileRef = 1696C78E237B9D370094055F /* AppDelegate.m */; };
		1696C792237B9D370094055F /* SceneDelegate.m in Sources */ = {isa = PBXBuildFile; fileRef = 1696C791237B9D370094055F /* SceneDelegate.m */; };
		1696C795237B9D370094055F /* ViewController.m in Sources */ = {isa = PBXBuildFile; fileRef = 1696C794237B9D370094055F /* ViewController.m */; };
		1696C798237B9D370094055F /* Main.storyboard in Resources */ = {isa = PBXBuildFile; fileRef = 1696C796237B9D370094055F /* Main.storyboard */; };
		1696C79A237B9D3B0094055F /* Assets.xcassets in Resources */ = {isa = PBXBuildFile; fileRef = 1696C799237B9D3B0094055F /* Assets.xcassets */; };
		1696C79D237B9D3B0094055F /* LaunchScreen.storyboard in Resources */ = {isa = PBXBuildFile; fileRef = 1696C79B237B9D3B0094055F /* LaunchScreen.storyboard */; };
		1696C7A0237B9D3B0094055F /* main.m in Sources */ = {isa = PBXBuildFile; fileRef = 1696C79F237B9D3B0094055F /* main.m */; };
		7CD9AA8F6DF6CED43A68132D /* Pods_Integration.framework in Frameworks */ = {isa = PBXBuildFile; fileRef = 3CAA9833FCE3D6973F99FAEF /* Pods_Integration.framework */; };
/* End PBXBuildFile section */

/* Begin PBXFileReference section */
		1696C78A237B9D370094055F /* Integration.app */ = {isa = PBXFileReference; explicitFileType = wrapper.application; includeInIndex = 0; path = Integration.app; sourceTree = BUILT_PRODUCTS_DIR; };
		1696C78D237B9D370094055F /* AppDelegate.h */ = {isa = PBXFileReference; lastKnownFileType = sourcecode.c.h; path = AppDelegate.h; sourceTree = "<group>"; };
		1696C78E237B9D370094055F /* AppDelegate.m */ = {isa = PBXFileReference; lastKnownFileType = sourcecode.c.objc; path = AppDelegate.m; sourceTree = "<group>"; };
		1696C790237B9D370094055F /* SceneDelegate.h */ = {isa = PBXFileReference; lastKnownFileType = sourcecode.c.h; path = SceneDelegate.h; sourceTree = "<group>"; };
		1696C791237B9D370094055F /* SceneDelegate.m */ = {isa = PBXFileReference; lastKnownFileType = sourcecode.c.objc; path = SceneDelegate.m; sourceTree = "<group>"; };
		1696C793237B9D370094055F /* ViewController.h */ = {isa = PBXFileReference; lastKnownFileType = sourcecode.c.h; path = ViewController.h; sourceTree = "<group>"; };
		1696C794237B9D370094055F /* ViewController.m */ = {isa = PBXFileReference; lastKnownFileType = sourcecode.c.objc; path = ViewController.m; sourceTree = "<group>"; };
		1696C797237B9D370094055F /* Base */ = {isa = PBXFileReference; lastKnownFileType = file.storyboard; name = Base; path = Base.lproj/Main.storyboard; sourceTree = "<group>"; };
		1696C799237B9D3B0094055F /* Assets.xcassets */ = {isa = PBXFileReference; lastKnownFileType = folder.assetcatalog; path = Assets.xcassets; sourceTree = "<group>"; };
		1696C79C237B9D3B0094055F /* Base */ = {isa = PBXFileReference; lastKnownFileType = file.storyboard; name = Base; path = Base.lproj/LaunchScreen.storyboard; sourceTree = "<group>"; };
		1696C79E237B9D3B0094055F /* Info.plist */ = {isa = PBXFileReference; lastKnownFileType = text.plist.xml; path = Info.plist; sourceTree = "<group>"; };
		1696C79F237B9D3B0094055F /* main.m */ = {isa = PBXFileReference; lastKnownFileType = sourcecode.c.objc; path = main.m; sourceTree = "<group>"; };
		2387782A9CC3DDE5D106C7B8 /* Pods-Integration.debug.xcconfig */ = {isa = PBXFileReference; includeInIndex = 1; lastKnownFileType = text.xcconfig; name = "Pods-Integration.debug.xcconfig"; path = "Target Support Files/Pods-Integration/Pods-Integration.debug.xcconfig"; sourceTree = "<group>"; };
		3CAA9833FCE3D6973F99FAEF /* Pods_Integration.framework */ = {isa = PBXFileReference; explicitFileType = wrapper.framework; includeInIndex = 0; path = Pods_Integration.framework; sourceTree = BUILT_PRODUCTS_DIR; };
		5BCED1FA7660B1C84D9365EB /* Pods-Integration.release.xcconfig */ = {isa = PBXFileReference; includeInIndex = 1; lastKnownFileType = text.xcconfig; name = "Pods-Integration.release.xcconfig"; path = "Target Support Files/Pods-Integration/Pods-Integration.release.xcconfig"; sourceTree = "<group>"; };
/* End PBXFileReference section */

/* Begin PBXFrameworksBuildPhase section */
		1696C787237B9D370094055F /* Frameworks */ = {
			isa = PBXFrameworksBuildPhase;
			buildActionMask = 2147483647;
			files = (
				7CD9AA8F6DF6CED43A68132D /* Pods_Integration.framework in Frameworks */,
			);
			runOnlyForDeploymentPostprocessing = 0;
		};
/* End PBXFrameworksBuildPhase section */

/* Begin PBXGroup section */
		1696C781237B9D370094055F = {
			isa = PBXGroup;
			children = (
				1696C78C237B9D370094055F /* Integration */,
				1696C78B237B9D370094055F /* Products */,
				CC80DDE6D3709B62DC347D81 /* Pods */,
				17F07D5BBB9677211C356501 /* Frameworks */,
			);
			sourceTree = "<group>";
		};
		1696C78B237B9D370094055F /* Products */ = {
			isa = PBXGroup;
			children = (
				1696C78A237B9D370094055F /* Integration.app */,
			);
			name = Products;
			sourceTree = "<group>";
		};
		1696C78C237B9D370094055F /* Integration */ = {
			isa = PBXGroup;
			children = (
				1696C78D237B9D370094055F /* AppDelegate.h */,
				1696C78E237B9D370094055F /* AppDelegate.m */,
				1696C790237B9D370094055F /* SceneDelegate.h */,
				1696C791237B9D370094055F /* SceneDelegate.m */,
				1696C793237B9D370094055F /* ViewController.h */,
				1696C794237B9D370094055F /* ViewController.m */,
				1696C796237B9D370094055F /* Main.storyboard */,
				1696C799237B9D3B0094055F /* Assets.xcassets */,
				1696C79B237B9D3B0094055F /* LaunchScreen.storyboard */,
				1696C79E237B9D3B0094055F /* Info.plist */,
				1696C79F237B9D3B0094055F /* main.m */,
			);
			path = Integration;
			sourceTree = "<group>";
		};
		17F07D5BBB9677211C356501 /* Frameworks */ = {
			isa = PBXGroup;
			children = (
				3CAA9833FCE3D6973F99FAEF /* Pods_Integration.framework */,
			);
			name = Frameworks;
			sourceTree = "<group>";
		};
		CC80DDE6D3709B62DC347D81 /* Pods */ = {
			isa = PBXGroup;
			children = (
				2387782A9CC3DDE5D106C7B8 /* Pods-Integration.debug.xcconfig */,
				5BCED1FA7660B1C84D9365EB /* Pods-Integration.release.xcconfig */,
			);
			name = Pods;
			path = Pods;
			sourceTree = "<group>";
		};
/* End PBXGroup section */

/* Begin PBXNativeTarget section */
		1696C789237B9D370094055F /* Integration */ = {
			isa = PBXNativeTarget;
			buildConfigurationList = 1696C7A3237B9D3B0094055F /* Build configuration list for PBXNativeTarget "Integration" */;
			buildPhases = (
				C98DEE75EE7C98C39CB52711 /* [CP] Check Pods Manifest.lock */,
				1696C786237B9D370094055F /* Sources */,
				1696C787237B9D370094055F /* Frameworks */,
				1696C788237B9D370094055F /* Resources */,
				34FF997408E2861CCE7E8D0D /* [CP] Embed Pods Frameworks */,
			);
			buildRules = (
			);
			dependencies = (
			);
			name = Integration;
			productName = Integration;
			productReference = 1696C78A237B9D370094055F /* Integration.app */;
			productType = "com.apple.product-type.application";
		};
/* End PBXNativeTarget section */

/* Begin PBXProject section */
		1696C782237B9D370094055F /* Project object */ = {
			isa = PBXProject;
			attributes = {
				LastUpgradeCheck = 1100;
				ORGANIZATIONNAME = zz;
				TargetAttributes = {
					1696C789237B9D370094055F = {
						CreatedOnToolsVersion = 11.0;
					};
				};
			};
			buildConfigurationList = 1696C785237B9D370094055F /* Build configuration list for PBXProject "Integration" */;
			compatibilityVersion = "Xcode 9.3";
			developmentRegion = en;
			hasScannedForEncodings = 0;
			knownRegions = (
				en,
				Base,
			);
			mainGroup = 1696C781237B9D370094055F;
			productRefGroup = 1696C78B237B9D370094055F /* Products */;
			projectDirPath = "";
			projectRoot = "";
			targets = (
				1696C789237B9D370094055F /* Integration */,
			);
		};
/* End PBXProject section */

/* Begin PBXResourcesBuildPhase section */
		1696C788237B9D370094055F /* Resources */ = {
			isa = PBXResourcesBuildPhase;
			buildActionMask = 2147483647;
			files = (
				1696C79D237B9D3B0094055F /* LaunchScreen.storyboard in Resources */,
				1696C79A237B9D3B0094055F /* Assets.xcassets in Resources */,
				1696C798237B9D370094055F /* Main.storyboard in Resources */,
			);
			runOnlyForDeploymentPostprocessing = 0;
		};
/* End PBXResourcesBuildPhase section */

/* Begin PBXShellScriptBuildPhase section */
		34FF997408E2861CCE7E8D0D /* [CP] Embed Pods Frameworks */ = {
			isa = PBXShellScriptBuildPhase;
			buildActionMask = 2147483647;
			files = (
			);
			inputFileListPaths = (
				"${PODS_ROOT}/Target Support Files/Pods-Integration/Pods-Integration-frameworks-${CONFIGURATION}-input-files.xcfilelist",
			);
			name = "[CP] Embed Pods Frameworks";
			outputFileListPaths = (
				"${PODS_ROOT}/Target Support Files/Pods-Integration/Pods-Integration-frameworks-${CONFIGURATION}-output-files.xcfilelist",
			);
			runOnlyForDeploymentPostprocessing = 0;
			shellPath = /bin/sh;
			shellScript = "\"${PODS_ROOT}/Target Support Files/Pods-Integration/Pods-Integration-frameworks.sh\"\n";
			showEnvVarsInLog = 0;
		};
		C98DEE75EE7C98C39CB52711 /* [CP] Check Pods Manifest.lock */ = {
			isa = PBXShellScriptBuildPhase;
			buildActionMask = 2147483647;
			files = (
			);
			inputFileListPaths = (
			);
			inputPaths = (
				"${PODS_PODFILE_DIR_PATH}/Podfile.lock",
				"${PODS_ROOT}/Manifest.lock",
			);
			name = "[CP] Check Pods Manifest.lock";
			outputFileListPaths = (
			);
			outputPaths = (
				"$(DERIVED_FILE_DIR)/Pods-Integration-checkManifestLockResult.txt",
			);
			runOnlyForDeploymentPostprocessing = 0;
			shellPath = /bin/sh;
			shellScript = "diff \"${PODS_PODFILE_DIR_PATH}/Podfile.lock\" \"${PODS_ROOT}/Manifest.lock\" > /dev/null\nif [ $? != 0 ] ; then\n    # print error to STDERR\n    echo \"error: The sandbox is not in sync with the Podfile.lock. Run 'pod install' or update your CocoaPods installation.\" >&2\n    exit 1\nfi\n# This output is used by Xcode 'outputs' to avoid re-running this script phase.\necho \"SUCCESS\" > \"${SCRIPT_OUTPUT_FILE_0}\"\n";
			showEnvVarsInLog = 0;
		};
/* End PBXShellScriptBuildPhase section */

/* Begin PBXSourcesBuildPhase section */
		1696C786237B9D370094055F /* Sources */ = {
			isa = PBXSourcesBuildPhase;
			buildActionMask = 2147483647;
			files = (
				1696C795237B9D370094055F /* ViewController.m in Sources */,
				1696C78F237B9D370094055F /* AppDelegate.m in Sources */,
				1696C7A0237B9D3B0094055F /* main.m in Sources */,
				1696C792237B9D370094055F /* SceneDelegate.m in Sources */,
			);
			runOnlyForDeploymentPostprocessing = 0;
		};
/* End PBXSourcesBuildPhase section */

/* Begin PBXVariantGroup section */
		1696C796237B9D370094055F /* Main.storyboard */ = {
			isa = PBXVariantGroup;
			children = (
				1696C797237B9D370094055F /* Base */,
			);
			name = Main.storyboard;
			sourceTree = "<group>";
		};
		1696C79B237B9D3B0094055F /* LaunchScreen.storyboard */ = {
			isa = PBXVariantGroup;
			children = (
				1696C79C237B9D3B0094055F /* Base */,
			);
			name = LaunchScreen.storyboard;
			sourceTree = "<group>";
		};
/* End PBXVariantGroup section */

/* Begin XCBuildConfiguration section */
		1696C7A1237B9D3B0094055F /* Debug */ = {
			isa = XCBuildConfiguration;
			buildSettings = {
				ALWAYS_SEARCH_USER_PATHS = NO;
				CLANG_ANALYZER_NONNULL = YES;
				CLANG_ANALYZER_NUMBER_OBJECT_CONVERSION = YES_AGGRESSIVE;
				CLANG_CXX_LANGUAGE_STANDARD = "gnu++14";
				CLANG_CXX_LIBRARY = "libc++";
				CLANG_ENABLE_MODULES = YES;
				CLANG_ENABLE_OBJC_ARC = YES;
				CLANG_ENABLE_OBJC_WEAK = YES;
				CLANG_WARN_BLOCK_CAPTURE_AUTORELEASING = YES;
				CLANG_WARN_BOOL_CONVERSION = YES;
				CLANG_WARN_COMMA = YES;
				CLANG_WARN_CONSTANT_CONVERSION = YES;
				CLANG_WARN_DEPRECATED_OBJC_IMPLEMENTATIONS = YES;
				CLANG_WARN_DIRECT_OBJC_ISA_USAGE = YES_ERROR;
				CLANG_WARN_DOCUMENTATION_COMMENTS = YES;
				CLANG_WARN_EMPTY_BODY = YES;
				CLANG_WARN_ENUM_CONVERSION = YES;
				CLANG_WARN_INFINITE_RECURSION = YES;
				CLANG_WARN_INT_CONVERSION = YES;
				CLANG_WARN_NON_LITERAL_NULL_CONVERSION = YES;
				CLANG_WARN_OBJC_IMPLICIT_RETAIN_SELF = YES;
				CLANG_WARN_OBJC_LITERAL_CONVERSION = YES;
				CLANG_WARN_OBJC_ROOT_CLASS = YES_ERROR;
				CLANG_WARN_RANGE_LOOP_ANALYSIS = YES;
				CLANG_WARN_STRICT_PROTOTYPES = YES;
				CLANG_WARN_SUSPICIOUS_MOVE = YES;
				CLANG_WARN_UNGUARDED_AVAILABILITY = YES_AGGRESSIVE;
				CLANG_WARN_UNREACHABLE_CODE = YES;
				CLANG_WARN__DUPLICATE_METHOD_MATCH = YES;
				COPY_PHASE_STRIP = NO;
				DEBUG_INFORMATION_FORMAT = dwarf;
				ENABLE_STRICT_OBJC_MSGSEND = YES;
				ENABLE_TESTABILITY = YES;
				GCC_C_LANGUAGE_STANDARD = gnu11;
				GCC_DYNAMIC_NO_PIC = NO;
				GCC_NO_COMMON_BLOCKS = YES;
				GCC_OPTIMIZATION_LEVEL = 0;
				GCC_PREPROCESSOR_DEFINITIONS = (
					"DEBUG=1",
					"$(inherited)",
				);
				GCC_WARN_64_TO_32_BIT_CONVERSION = YES;
				GCC_WARN_ABOUT_RETURN_TYPE = YES_ERROR;
				GCC_WARN_UNDECLARED_SELECTOR = YES;
				GCC_WARN_UNINITIALIZED_AUTOS = YES_AGGRESSIVE;
				GCC_WARN_UNUSED_FUNCTION = YES;
				GCC_WARN_UNUSED_VARIABLE = YES;
				IPHONEOS_DEPLOYMENT_TARGET = 13.0;
				MTL_ENABLE_DEBUG_INFO = INCLUDE_SOURCE;
				MTL_FAST_MATH = YES;
				ONLY_ACTIVE_ARCH = YES;
				SDKROOT = iphoneos;
			};
			name = Debug;
		};
		1696C7A2237B9D3B0094055F /* Release */ = {
			isa = XCBuildConfiguration;
			buildSettings = {
				ALWAYS_SEARCH_USER_PATHS = NO;
				CLANG_ANALYZER_NONNULL = YES;
				CLANG_ANALYZER_NUMBER_OBJECT_CONVERSION = YES_AGGRESSIVE;
				CLANG_CXX_LANGUAGE_STANDARD = "gnu++14";
				CLANG_CXX_LIBRARY = "libc++";
				CLANG_ENABLE_MODULES = YES;
				CLANG_ENABLE_OBJC_ARC = YES;
				CLANG_ENABLE_OBJC_WEAK = YES;
				CLANG_WARN_BLOCK_CAPTURE_AUTORELEASING = YES;
				CLANG_WARN_BOOL_CONVERSION = YES;
				CLANG_WARN_COMMA = YES;
				CLANG_WARN_CONSTANT_CONVERSION = YES;
				CLANG_WARN_DEPRECATED_OBJC_IMPLEMENTATIONS = YES;
				CLANG_WARN_DIRECT_OBJC_ISA_USAGE = YES_ERROR;
				CLANG_WARN_DOCUMENTATION_COMMENTS = YES;
				CLANG_WARN_EMPTY_BODY = YES;
				CLANG_WARN_ENUM_CONVERSION = YES;
				CLANG_WARN_INFINITE_RECURSION = YES;
				CLANG_WARN_INT_CONVERSION = YES;
				CLANG_WARN_NON_LITERAL_NULL_CONVERSION = YES;
				CLANG_WARN_OBJC_IMPLICIT_RETAIN_SELF = YES;
				CLANG_WARN_OBJC_LITERAL_CONVERSION = YES;
				CLANG_WARN_OBJC_ROOT_CLASS = YES_ERROR;
				CLANG_WARN_RANGE_LOOP_ANALYSIS = YES;
				CLANG_WARN_STRICT_PROTOTYPES = YES;
				CLANG_WARN_SUSPICIOUS_MOVE = YES;
				CLANG_WARN_UNGUARDED_AVAILABILITY = YES_AGGRESSIVE;
				CLANG_WARN_UNREACHABLE_CODE = YES;
				CLANG_WARN__DUPLICATE_METHOD_MATCH = YES;
				COPY_PHASE_STRIP = NO;
				DEBUG_INFORMATION_FORMAT = "dwarf-with-dsym";
				ENABLE_NS_ASSERTIONS = NO;
				ENABLE_STRICT_OBJC_MSGSEND = YES;
				GCC_C_LANGUAGE_STANDARD = gnu11;
				GCC_NO_COMMON_BLOCKS = YES;
				GCC_WARN_64_TO_32_BIT_CONVERSION = YES;
				GCC_WARN_ABOUT_RETURN_TYPE = YES_ERROR;
				GCC_WARN_UNDECLARED_SELECTOR = YES;
				GCC_WARN_UNINITIALIZED_AUTOS = YES_AGGRESSIVE;
				GCC_WARN_UNUSED_FUNCTION = YES;
				GCC_WARN_UNUSED_VARIABLE = YES;
				IPHONEOS_DEPLOYMENT_TARGET = 13.0;
				MTL_ENABLE_DEBUG_INFO = NO;
				MTL_FAST_MATH = YES;
				SDKROOT = iphoneos;
				VALIDATE_PRODUCT = YES;
			};
			name = Release;
		};
		1696C7A4237B9D3B0094055F /* Debug */ = {
			isa = XCBuildConfiguration;
			baseConfigurationReference = 2387782A9CC3DDE5D106C7B8 /* Pods-Integration.debug.xcconfig */;
			buildSettings = {
				ASSETCATALOG_COMPILER_APPICON_NAME = AppIcon;
				CODE_SIGN_STYLE = Automatic;
				DEVELOPMENT_TEAM = WM7U2663U8;
				INFOPLIST_FILE = Integration/Info.plist;
				LD_RUNPATH_SEARCH_PATHS = (
					"$(inherited)",
					"@executable_path/Frameworks",
				);
				PRODUCT_BUNDLE_IDENTIFIER = zz.Integration;
				PRODUCT_NAME = "$(TARGET_NAME)";
				TARGETED_DEVICE_FAMILY = "1,2";
			};
			name = Debug;
		};
		1696C7A5237B9D3B0094055F /* Release */ = {
			isa = XCBuildConfiguration;
			baseConfigurationReference = 5BCED1FA7660B1C84D9365EB /* Pods-Integration.release.xcconfig */;
			buildSettings = {
				ASSETCATALOG_COMPILER_APPICON_NAME = AppIcon;
				CODE_SIGN_STYLE = Automatic;
				DEVELOPMENT_TEAM = WM7U2663U8;
				INFOPLIST_FILE = Integration/Info.plist;
				LD_RUNPATH_SEARCH_PATHS = (
					"$(inherited)",
					"@executable_path/Frameworks",
				);
				PRODUCT_BUNDLE_IDENTIFIER = zz.Integration;
				PRODUCT_NAME = "$(TARGET_NAME)";
				TARGETED_DEVICE_FAMILY = "1,2";
			};
			name = Release;
		};
/* End XCBuildConfiguration section */

/* Begin XCConfigurationList section */
		1696C785237B9D370094055F /* Build configuration list for PBXProject "Integration" */ = {
			isa = XCConfigurationList;
			buildConfigurations = (
				1696C7A1237B9D3B0094055F /* Debug */,
				1696C7A2237B9D3B0094055F /* Release */,
			);
			defaultConfigurationIsVisible = 0;
			defaultConfigurationName = Release;
		};
		1696C7A3237B9D3B0094055F /* Build configuration list for PBXNativeTarget "Integration" */ = {
			isa = XCConfigurationList;
			buildConfigurations = (
				1696C7A4237B9D3B0094055F /* Debug */,
				1696C7A5237B9D3B0094055F /* Release */,
			);
			defaultConfigurationIsVisible = 0;
			defaultConfigurationName = Release;
		};
/* End XCConfigurationList section */
	};
	rootObject = 1696C782237B9D370094055F /* Project object */;
}
